// !$*UTF8*$!
{
	archiveVersion = 1;
	classes = {
	};
	objectVersion = 56;
	objects = {

/* Begin PBXBuildFile section */
		3679A5C72B1257EE0026DA38 /* AppDelegate.swift in Sources */ = {isa = PBXBuildFile; fileRef = 3679A5C62B1257EE0026DA38 /* AppDelegate.swift */; };
		3679A5C92B1257EE0026DA38 /* SceneDelegate.swift in Sources */ = {isa = PBXBuildFile; fileRef = 3679A5C82B1257EE0026DA38 /* SceneDelegate.swift */; };
		3679A5CB2B1257EE0026DA38 /* ViewController.swift in Sources */ = {isa = PBXBuildFile; fileRef = 3679A5CA2B1257EE0026DA38 /* ViewController.swift */; };
		3679A5CE2B1257EE0026DA38 /* Main.storyboard in Resources */ = {isa = PBXBuildFile; fileRef = 3679A5CC2B1257EE0026DA38 /* Main.storyboard */; };
		3679A5D02B1257F00026DA38 /* Assets.xcassets in Resources */ = {isa = PBXBuildFile; fileRef = 3679A5CF2B1257F00026DA38 /* Assets.xcassets */; };
		3679A5D32B1257F00026DA38 /* LaunchScreen.storyboard in Resources */ = {isa = PBXBuildFile; fileRef = 3679A5D12B1257F00026DA38 /* LaunchScreen.storyboard */; };
		3679A5DC2B125E5E0026DA38 /* Extension.swift in Sources */ = {isa = PBXBuildFile; fileRef = 3679A5DB2B125E5E0026DA38 /* Extension.swift */; };
		36A227EE2B1CB46400966BB9 /* SomeImpotantData.rtf in Resources */ = {isa = PBXBuildFile; fileRef = 36A227ED2B1CB46400966BB9 /* SomeImpotantData.rtf */; };
		36A227F02B1CB4E500966BB9 /* epilogue-2-cufonfonts in Resources */ = {isa = PBXBuildFile; fileRef = 36A227EF2B1CB4E500966BB9 /* epilogue-2-cufonfonts */; };
		36A227F22B1CB4EA00966BB9 /* open-sans in Resources */ = {isa = PBXBuildFile; fileRef = 36A227F12B1CB4EA00966BB9 /* open-sans */; };
		36A227F42B1CB4F900966BB9 /* Manrope in Resources */ = {isa = PBXBuildFile; fileRef = 36A227F32B1CB4F900966BB9 /* Manrope */; };
		36A227F62B1CB53200966BB9 /* Roboto in Resources */ = {isa = PBXBuildFile; fileRef = 36A227F52B1CB53200966BB9 /* Roboto */; };
		36A227F82B1CB53E00966BB9 /* Inter in Resources */ = {isa = PBXBuildFile; fileRef = 36A227F72B1CB53E00966BB9 /* Inter */; };
		36A2F3462B1B583F0024FB15 /* String.swift in Sources */ = {isa = PBXBuildFile; fileRef = 36A2F3432B1B583F0024FB15 /* String.swift */; };
		36A2F3472B1B583F0024FB15 /* UIColorExtension.swift in Sources */ = {isa = PBXBuildFile; fileRef = 36A2F3442B1B583F0024FB15 /* UIColorExtension.swift */; };
		36A2F3482B1B583F0024FB15 /* UIViewExtension.swift in Sources */ = {isa = PBXBuildFile; fileRef = 36A2F3452B1B583F0024FB15 /* UIViewExtension.swift */; };
		36A2F34F2B1B588C0024FB15 /* Network.swift in Sources */ = {isa = PBXBuildFile; fileRef = 36A2F3492B1B588C0024FB15 /* Network.swift */; };
		36A2F3502B1B588C0024FB15 /* CustomNavigationController.swift in Sources */ = {isa = PBXBuildFile; fileRef = 36A2F34A2B1B588C0024FB15 /* CustomNavigationController.swift */; };
		36A2F3512B1B588C0024FB15 /* KeyboardManager.swift in Sources */ = {isa = PBXBuildFile; fileRef = 36A2F34B2B1B588C0024FB15 /* KeyboardManager.swift */; };
		36A2F3522B1B588C0024FB15 /* TosterView.swift in Sources */ = {isa = PBXBuildFile; fileRef = 36A2F34C2B1B588C0024FB15 /* TosterView.swift */; };
		36A2F3532B1B588C0024FB15 /* ValidationManager.swift in Sources */ = {isa = PBXBuildFile; fileRef = 36A2F34D2B1B588C0024FB15 /* ValidationManager.swift */; };
		36A2F3542B1B588C0024FB15 /* CustomAlertView.swift in Sources */ = {isa = PBXBuildFile; fileRef = 36A2F34E2B1B588C0024FB15 /* CustomAlertView.swift */; };
		36A2F3572B1B58E80024FB15 /* Poppins in Resources */ = {isa = PBXBuildFile; fileRef = 36A2F3562B1B58E70024FB15 /* Poppins */; };
		36A2F3632B1B61E70024FB15 /* ImageDownloader.swift in Sources */ = {isa = PBXBuildFile; fileRef = 36A2F3622B1B61E70024FB15 /* ImageDownloader.swift */; };
		36A2F3652B1B628D0024FB15 /* UITextfieldExtnsion.swift in Sources */ = {isa = PBXBuildFile; fileRef = 36A2F3642B1B628D0024FB15 /* UITextfieldExtnsion.swift */; };
		36A2F3672B1B63470024FB15 /* FloatExtension.swift in Sources */ = {isa = PBXBuildFile; fileRef = 36A2F3662B1B63470024FB15 /* FloatExtension.swift */; };
/* End PBXBuildFile section */

/* Begin PBXFileReference section */
		3679A5C32B1257EE0026DA38 /* AllInOneiOSProject.app */ = {isa = PBXFileReference; explicitFileType = wrapper.application; includeInIndex = 0; path = AllInOneiOSProject.app; sourceTree = BUILT_PRODUCTS_DIR; };
		3679A5C62B1257EE0026DA38 /* AppDelegate.swift */ = {isa = PBXFileReference; lastKnownFileType = sourcecode.swift; path = AppDelegate.swift; sourceTree = "<group>"; };
		3679A5C82B1257EE0026DA38 /* SceneDelegate.swift */ = {isa = PBXFileReference; lastKnownFileType = sourcecode.swift; path = SceneDelegate.swift; sourceTree = "<group>"; };
		3679A5CA2B1257EE0026DA38 /* ViewController.swift */ = {isa = PBXFileReference; lastKnownFileType = sourcecode.swift; path = ViewController.swift; sourceTree = "<group>"; };
		3679A5CD2B1257EE0026DA38 /* Base */ = {isa = PBXFileReference; lastKnownFileType = file.storyboard; name = Base; path = Base.lproj/Main.storyboard; sourceTree = "<group>"; };
		3679A5CF2B1257F00026DA38 /* Assets.xcassets */ = {isa = PBXFileReference; lastKnownFileType = folder.assetcatalog; path = Assets.xcassets; sourceTree = "<group>"; };
		3679A5D22B1257F00026DA38 /* Base */ = {isa = PBXFileReference; lastKnownFileType = file.storyboard; name = Base; path = Base.lproj/LaunchScreen.storyboard; sourceTree = "<group>"; };
		3679A5D42B1257F00026DA38 /* Info.plist */ = {isa = PBXFileReference; lastKnownFileType = text.plist.xml; path = Info.plist; sourceTree = "<group>"; };
		3679A5DB2B125E5E0026DA38 /* Extension.swift */ = {isa = PBXFileReference; lastKnownFileType = sourcecode.swift; path = Extension.swift; sourceTree = "<group>"; };
		36A227ED2B1CB46400966BB9 /* SomeImpotantData.rtf */ = {isa = PBXFileReference; lastKnownFileType = text.rtf; path = SomeImpotantData.rtf; sourceTree = "<group>"; };
		36A227EF2B1CB4E500966BB9 /* epilogue-2-cufonfonts */ = {isa = PBXFileReference; lastKnownFileType = folder; path = "epilogue-2-cufonfonts"; sourceTree = "<group>"; };
		36A227F12B1CB4EA00966BB9 /* open-sans */ = {isa = PBXFileReference; lastKnownFileType = folder; path = "open-sans"; sourceTree = "<group>"; };
		36A227F32B1CB4F900966BB9 /* Manrope */ = {isa = PBXFileReference; lastKnownFileType = folder; path = Manrope; sourceTree = "<group>"; };
		36A227F52B1CB53200966BB9 /* Roboto */ = {isa = PBXFileReference; lastKnownFileType = folder; path = Roboto; sourceTree = "<group>"; };
		36A227F72B1CB53E00966BB9 /* Inter */ = {isa = PBXFileReference; lastKnownFileType = folder; path = Inter; sourceTree = "<group>"; };
		36A2F3432B1B583F0024FB15 /* String.swift */ = {isa = PBXFileReference; fileEncoding = 4; lastKnownFileType = sourcecode.swift; path = String.swift; sourceTree = "<group>"; };
		36A2F3442B1B583F0024FB15 /* UIColorExtension.swift */ = {isa = PBXFileReference; fileEncoding = 4; lastKnownFileType = sourcecode.swift; path = UIColorExtension.swift; sourceTree = "<group>"; };
		36A2F3452B1B583F0024FB15 /* UIViewExtension.swift */ = {isa = PBXFileReference; fileEncoding = 4; lastKnownFileType = sourcecode.swift; path = UIViewExtension.swift; sourceTree = "<group>"; };
		36A2F3492B1B588C0024FB15 /* Network.swift */ = {isa = PBXFileReference; fileEncoding = 4; lastKnownFileType = sourcecode.swift; path = Network.swift; sourceTree = "<group>"; };
		36A2F34A2B1B588C0024FB15 /* CustomNavigationController.swift */ = {isa = PBXFileReference; fileEncoding = 4; lastKnownFileType = sourcecode.swift; path = CustomNavigationController.swift; sourceTree = "<group>"; };
		36A2F34B2B1B588C0024FB15 /* KeyboardManager.swift */ = {isa = PBXFileReference; fileEncoding = 4; lastKnownFileType = sourcecode.swift; path = KeyboardManager.swift; sourceTree = "<group>"; };
		36A2F34C2B1B588C0024FB15 /* TosterView.swift */ = {isa = PBXFileReference; fileEncoding = 4; lastKnownFileType = sourcecode.swift; path = TosterView.swift; sourceTree = "<group>"; };
		36A2F34D2B1B588C0024FB15 /* ValidationManager.swift */ = {isa = PBXFileReference; fileEncoding = 4; lastKnownFileType = sourcecode.swift; path = ValidationManager.swift; sourceTree = "<group>"; };
		36A2F34E2B1B588C0024FB15 /* CustomAlertView.swift */ = {isa = PBXFileReference; fileEncoding = 4; lastKnownFileType = sourcecode.swift; path = CustomAlertView.swift; sourceTree = "<group>"; };
		36A2F3562B1B58E70024FB15 /* Poppins */ = {isa = PBXFileReference; lastKnownFileType = folder; path = Poppins; sourceTree = "<group>"; };
		36A2F3592B1B618A0024FB15 /* Inter-Medium.ttf */ = {isa = PBXFileReference; lastKnownFileType = file; path = "Inter-Medium.ttf"; sourceTree = "<group>"; };
		36A2F35A2B1B618A0024FB15 /* Inter-Light.ttf */ = {isa = PBXFileReference; lastKnownFileType = file; path = "Inter-Light.ttf"; sourceTree = "<group>"; };
		36A2F35B2B1B618A0024FB15 /* Inter-Thin.ttf */ = {isa = PBXFileReference; lastKnownFileType = file; path = "Inter-Thin.ttf"; sourceTree = "<group>"; };
		36A2F35C2B1B618A0024FB15 /* Inter-Bold.ttf */ = {isa = PBXFileReference; lastKnownFileType = file; path = "Inter-Bold.ttf"; sourceTree = "<group>"; };
		36A2F35D2B1B618A0024FB15 /* Inter-Regular.ttf */ = {isa = PBXFileReference; lastKnownFileType = file; path = "Inter-Regular.ttf"; sourceTree = "<group>"; };
		36A2F35E2B1B618A0024FB15 /* Inter-ExtraBold.ttf */ = {isa = PBXFileReference; lastKnownFileType = file; path = "Inter-ExtraBold.ttf"; sourceTree = "<group>"; };
		36A2F35F2B1B618A0024FB15 /* Inter-ExtraLight.ttf */ = {isa = PBXFileReference; lastKnownFileType = file; path = "Inter-ExtraLight.ttf"; sourceTree = "<group>"; };
		36A2F3602B1B618A0024FB15 /* Inter-Black.ttf */ = {isa = PBXFileReference; lastKnownFileType = file; path = "Inter-Black.ttf"; sourceTree = "<group>"; };
		36A2F3612B1B618A0024FB15 /* Inter-SemiBold.ttf */ = {isa = PBXFileReference; lastKnownFileType = file; path = "Inter-SemiBold.ttf"; sourceTree = "<group>"; };
		36A2F3622B1B61E70024FB15 /* ImageDownloader.swift */ = {isa = PBXFileReference; lastKnownFileType = sourcecode.swift; path = ImageDownloader.swift; sourceTree = "<group>"; };
		36A2F3642B1B628D0024FB15 /* UITextfieldExtnsion.swift */ = {isa = PBXFileReference; lastKnownFileType = sourcecode.swift; path = UITextfieldExtnsion.swift; sourceTree = "<group>"; };
		36A2F3662B1B63470024FB15 /* FloatExtension.swift */ = {isa = PBXFileReference; lastKnownFileType = sourcecode.swift; path = FloatExtension.swift; sourceTree = "<group>"; };
/* End PBXFileReference section */

/* Begin PBXFrameworksBuildPhase section */
		3679A5C02B1257EE0026DA38 /* Frameworks */ = {
			isa = PBXFrameworksBuildPhase;
			buildActionMask = 2147483647;
			files = (
			);
			runOnlyForDeploymentPostprocessing = 0;
		};
/* End PBXFrameworksBuildPhase section */

/* Begin PBXGroup section */
		3679A5BA2B1257ED0026DA38 = {
			isa = PBXGroup;
			children = (
				36A2F3552B1B58CF0024FB15 /* CustomFonts */,
				3679A5E12B1279700026DA38 /* Networking */,
				3679A5DA2B125A0F0026DA38 /* Extensions */,
				3679A5E02B12795D0026DA38 /* Helper */,
				3679A5DD2B12792A0026DA38 /* Model */,
				3679A5DE2B1279340026DA38 /* View */,
				3679A5DF2B1279400026DA38 /* ViewModel */,
				3679A5C52B1257EE0026DA38 /* AllInOneiOSProject */,
				3679A5C42B1257EE0026DA38 /* Products */,
			);
			sourceTree = "<group>";
		};
		3679A5C42B1257EE0026DA38 /* Products */ = {
			isa = PBXGroup;
			children = (
				3679A5C32B1257EE0026DA38 /* AllInOneiOSProject.app */,
			);
			name = Products;
			sourceTree = "<group>";
		};
		3679A5C52B1257EE0026DA38 /* AllInOneiOSProject */ = {
			isa = PBXGroup;
			children = (
				3679A5C62B1257EE0026DA38 /* AppDelegate.swift */,
				3679A5C82B1257EE0026DA38 /* SceneDelegate.swift */,
				3679A5CA2B1257EE0026DA38 /* ViewController.swift */,
				3679A5CC2B1257EE0026DA38 /* Main.storyboard */,
				3679A5CF2B1257F00026DA38 /* Assets.xcassets */,
				3679A5D12B1257F00026DA38 /* LaunchScreen.storyboard */,
				3679A5D42B1257F00026DA38 /* Info.plist */,
			);
			path = AllInOneiOSProject;
			sourceTree = "<group>";
		};
		3679A5DA2B125A0F0026DA38 /* Extensions */ = {
			isa = PBXGroup;
			children = (
				36A2F3432B1B583F0024FB15 /* String.swift */,
				36A2F3442B1B583F0024FB15 /* UIColorExtension.swift */,
				36A2F3452B1B583F0024FB15 /* UIViewExtension.swift */,
				3679A5DB2B125E5E0026DA38 /* Extension.swift */,
				36A2F3642B1B628D0024FB15 /* UITextfieldExtnsion.swift */,
				36A2F3662B1B63470024FB15 /* FloatExtension.swift */,
			);
			path = Extensions;
			sourceTree = "<group>";
		};
		3679A5DD2B12792A0026DA38 /* Model */ = {
			isa = PBXGroup;
			children = (
			);
			path = Model;
			sourceTree = "<group>";
		};
		3679A5DE2B1279340026DA38 /* View */ = {
			isa = PBXGroup;
			children = (
			);
			path = View;
			sourceTree = "<group>";
		};
		3679A5DF2B1279400026DA38 /* ViewModel */ = {
			isa = PBXGroup;
			children = (
			);
			path = ViewModel;
			sourceTree = "<group>";
		};
		3679A5E02B12795D0026DA38 /* Helper */ = {
			isa = PBXGroup;
			children = (
				36A2F34E2B1B588C0024FB15 /* CustomAlertView.swift */,
				36A2F34A2B1B588C0024FB15 /* CustomNavigationController.swift */,
				36A2F34B2B1B588C0024FB15 /* KeyboardManager.swift */,
				36A2F34C2B1B588C0024FB15 /* TosterView.swift */,
				36A2F34D2B1B588C0024FB15 /* ValidationManager.swift */,
				36A227ED2B1CB46400966BB9 /* SomeImpotantData.rtf */,
			);
			path = Helper;
			sourceTree = "<group>";
		};
		3679A5E12B1279700026DA38 /* Networking */ = {
			isa = PBXGroup;
			children = (
				36A2F3492B1B588C0024FB15 /* Network.swift */,
				36A2F3622B1B61E70024FB15 /* ImageDownloader.swift */,
			);
			path = Networking;
			sourceTree = "<group>";
		};
		36A2F3552B1B58CF0024FB15 /* CustomFonts */ = {
			isa = PBXGroup;
			children = (
				36A227F72B1CB53E00966BB9 /* Inter */,
				36A227F52B1CB53200966BB9 /* Roboto */,
				36A227F32B1CB4F900966BB9 /* Manrope */,
				36A227F12B1CB4EA00966BB9 /* open-sans */,
				36A227EF2B1CB4E500966BB9 /* epilogue-2-cufonfonts */,
				36A2F3582B1B618A0024FB15 /* Fonts */,
				36A2F3562B1B58E70024FB15 /* Poppins */,
			);
			path = CustomFonts;
			sourceTree = "<group>";
		};
		36A2F3582B1B618A0024FB15 /* Fonts */ = {
			isa = PBXGroup;
			children = (
				36A2F3592B1B618A0024FB15 /* Inter-Medium.ttf */,
				36A2F35A2B1B618A0024FB15 /* Inter-Light.ttf */,
				36A2F35B2B1B618A0024FB15 /* Inter-Thin.ttf */,
				36A2F35C2B1B618A0024FB15 /* Inter-Bold.ttf */,
				36A2F35D2B1B618A0024FB15 /* Inter-Regular.ttf */,
				36A2F35E2B1B618A0024FB15 /* Inter-ExtraBold.ttf */,
				36A2F35F2B1B618A0024FB15 /* Inter-ExtraLight.ttf */,
				36A2F3602B1B618A0024FB15 /* Inter-Black.ttf */,
				36A2F3612B1B618A0024FB15 /* Inter-SemiBold.ttf */,
			);
			path = Fonts;
			sourceTree = "<group>";
		};
/* End PBXGroup section */

/* Begin PBXNativeTarget section */
		3679A5C22B1257EE0026DA38 /* AllInOneiOSProject */ = {
			isa = PBXNativeTarget;
			buildConfigurationList = 3679A5D72B1257F00026DA38 /* Build configuration list for PBXNativeTarget "AllInOneiOSProject" */;
			buildPhases = (
				3679A5BF2B1257EE0026DA38 /* Sources */,
				3679A5C02B1257EE0026DA38 /* Frameworks */,
				3679A5C12B1257EE0026DA38 /* Resources */,
			);
			buildRules = (
			);
			dependencies = (
			);
			name = AllInOneiOSProject;
			productName = AllInOneiOSProject;
			productReference = 3679A5C32B1257EE0026DA38 /* AllInOneiOSProject.app */;
			productType = "com.apple.product-type.application";
		};
/* End PBXNativeTarget section */

/* Begin PBXProject section */
		3679A5BB2B1257ED0026DA38 /* Project object */ = {
			isa = PBXProject;
			attributes = {
				BuildIndependentTargetsInParallel = 1;
				LastSwiftUpdateCheck = 1420;
				LastUpgradeCheck = 1420;
				TargetAttributes = {
					3679A5C22B1257EE0026DA38 = {
						CreatedOnToolsVersion = 14.2;
					};
				};
			};
			buildConfigurationList = 3679A5BE2B1257ED0026DA38 /* Build configuration list for PBXProject "AllInOneiOSProject" */;
			compatibilityVersion = "Xcode 14.0";
			developmentRegion = en;
			hasScannedForEncodings = 0;
			knownRegions = (
				en,
				Base,
			);
			mainGroup = 3679A5BA2B1257ED0026DA38;
			productRefGroup = 3679A5C42B1257EE0026DA38 /* Products */;
			projectDirPath = "";
			projectRoot = "";
			targets = (
				3679A5C22B1257EE0026DA38 /* AllInOneiOSProject */,
			);
		};
/* End PBXProject section */

/* Begin PBXResourcesBuildPhase section */
		3679A5C12B1257EE0026DA38 /* Resources */ = {
			isa = PBXResourcesBuildPhase;
			buildActionMask = 2147483647;
			files = (
				36A227F02B1CB4E500966BB9 /* epilogue-2-cufonfonts in Resources */,
				36A227F42B1CB4F900966BB9 /* Manrope in Resources */,
				36A2F3572B1B58E80024FB15 /* Poppins in Resources */,
				3679A5D32B1257F00026DA38 /* LaunchScreen.storyboard in Resources */,
				3679A5D02B1257F00026DA38 /* Assets.xcassets in Resources */,
				36A227F62B1CB53200966BB9 /* Roboto in Resources */,
				3679A5CE2B1257EE0026DA38 /* Main.storyboard in Resources */,
				36A227EE2B1CB46400966BB9 /* SomeImpotantData.rtf in Resources */,
				36A227F22B1CB4EA00966BB9 /* open-sans in Resources */,
				36A227F82B1CB53E00966BB9 /* Inter in Resources */,
			);
			runOnlyForDeploymentPostprocessing = 0;
		};
/* End PBXResourcesBuildPhase section */

/* Begin PBXSourcesBuildPhase section */
		3679A5BF2B1257EE0026DA38 /* Sources */ = {
			isa = PBXSourcesBuildPhase;
			buildActionMask = 2147483647;
			files = (
				36A2F3532B1B588C0024FB15 /* ValidationManager.swift in Sources */,
				36A2F3652B1B628D0024FB15 /* UITextfieldExtnsion.swift in Sources */,
				36A2F3672B1B63470024FB15 /* FloatExtension.swift in Sources */,
				36A2F3542B1B588C0024FB15 /* CustomAlertView.swift in Sources */,
				36A2F3632B1B61E70024FB15 /* ImageDownloader.swift in Sources */,
				3679A5CB2B1257EE0026DA38 /* ViewController.swift in Sources */,
				3679A5C72B1257EE0026DA38 /* AppDelegate.swift in Sources */,
				36A2F3512B1B588C0024FB15 /* KeyboardManager.swift in Sources */,
				36A2F34F2B1B588C0024FB15 /* Network.swift in Sources */,
				36A2F3502B1B588C0024FB15 /* CustomNavigationController.swift in Sources */,
				36A2F3522B1B588C0024FB15 /* TosterView.swift in Sources */,
				36A2F3462B1B583F0024FB15 /* String.swift in Sources */,
				3679A5C92B1257EE0026DA38 /* SceneDelegate.swift in Sources */,
				36A2F3482B1B583F0024FB15 /* UIViewExtension.swift in Sources */,
				3679A5DC2B125E5E0026DA38 /* Extension.swift in Sources */,
				36A2F3472B1B583F0024FB15 /* UIColorExtension.swift in Sources */,
			);
			runOnlyForDeploymentPostprocessing = 0;
		};
/* End PBXSourcesBuildPhase section */

/* Begin PBXVariantGroup section */
		3679A5CC2B1257EE0026DA38 /* Main.storyboard */ = {
			isa = PBXVariantGroup;
			children = (
				3679A5CD2B1257EE0026DA38 /* Base */,
			);
			name = Main.storyboard;
			sourceTree = "<group>";
		};
		3679A5D12B1257F00026DA38 /* LaunchScreen.storyboard */ = {
			isa = PBXVariantGroup;
			children = (
				3679A5D22B1257F00026DA38 /* Base */,
			);
			name = LaunchScreen.storyboard;
			sourceTree = "<group>";
		};
/* End PBXVariantGroup section */

/* Begin XCBuildConfiguration section */
		3679A5D52B1257F00026DA38 /* Debug */ = {
			isa = XCBuildConfiguration;
			buildSettings = {
				ALWAYS_SEARCH_USER_PATHS = NO;
				CLANG_ANALYZER_NONNULL = YES;
				CLANG_ANALYZER_NUMBER_OBJECT_CONVERSION = YES_AGGRESSIVE;
				CLANG_CXX_LANGUAGE_STANDARD = "gnu++20";
				CLANG_ENABLE_MODULES = YES;
				CLANG_ENABLE_OBJC_ARC = YES;
				CLANG_ENABLE_OBJC_WEAK = YES;
				CLANG_WARN_BLOCK_CAPTURE_AUTORELEASING = YES;
				CLANG_WARN_BOOL_CONVERSION = YES;
				CLANG_WARN_COMMA = YES;
				CLANG_WARN_CONSTANT_CONVERSION = YES;
				CLANG_WARN_DEPRECATED_OBJC_IMPLEMENTATIONS = YES;
				CLANG_WARN_DIRECT_OBJC_ISA_USAGE = YES_ERROR;
				CLANG_WARN_DOCUMENTATION_COMMENTS = YES;
				CLANG_WARN_EMPTY_BODY = YES;
				CLANG_WARN_ENUM_CONVERSION = YES;
				CLANG_WARN_INFINITE_RECURSION = YES;
				CLANG_WARN_INT_CONVERSION = YES;
				CLANG_WARN_NON_LITERAL_NULL_CONVERSION = YES;
				CLANG_WARN_OBJC_IMPLICIT_RETAIN_SELF = YES;
				CLANG_WARN_OBJC_LITERAL_CONVERSION = YES;
				CLANG_WARN_OBJC_ROOT_CLASS = YES_ERROR;
				CLANG_WARN_QUOTED_INCLUDE_IN_FRAMEWORK_HEADER = YES;
				CLANG_WARN_RANGE_LOOP_ANALYSIS = YES;
				CLANG_WARN_STRICT_PROTOTYPES = YES;
				CLANG_WARN_SUSPICIOUS_MOVE = YES;
				CLANG_WARN_UNGUARDED_AVAILABILITY = YES_AGGRESSIVE;
				CLANG_WARN_UNREACHABLE_CODE = YES;
				CLANG_WARN__DUPLICATE_METHOD_MATCH = YES;
				COPY_PHASE_STRIP = NO;
				DEBUG_INFORMATION_FORMAT = dwarf;
				ENABLE_STRICT_OBJC_MSGSEND = YES;
				ENABLE_TESTABILITY = YES;
				GCC_C_LANGUAGE_STANDARD = gnu11;
				GCC_DYNAMIC_NO_PIC = NO;
				GCC_NO_COMMON_BLOCKS = YES;
				GCC_OPTIMIZATION_LEVEL = 0;
				GCC_PREPROCESSOR_DEFINITIONS = (
					"DEBUG=1",
					"$(inherited)",
				);
				GCC_WARN_64_TO_32_BIT_CONVERSION = YES;
				GCC_WARN_ABOUT_RETURN_TYPE = YES_ERROR;
				GCC_WARN_UNDECLARED_SELECTOR = YES;
				GCC_WARN_UNINITIALIZED_AUTOS = YES_AGGRESSIVE;
				GCC_WARN_UNUSED_FUNCTION = YES;
				GCC_WARN_UNUSED_VARIABLE = YES;
				IPHONEOS_DEPLOYMENT_TARGET = 16.2;
				MTL_ENABLE_DEBUG_INFO = INCLUDE_SOURCE;
				MTL_FAST_MATH = YES;
				ONLY_ACTIVE_ARCH = YES;
				SDKROOT = iphoneos;
				SWIFT_ACTIVE_COMPILATION_CONDITIONS = DEBUG;
				SWIFT_OPTIMIZATION_LEVEL = "-Onone";
			};
			name = Debug;
		};
		3679A5D62B1257F00026DA38 /* Release */ = {
			isa = XCBuildConfiguration;
			buildSettings = {
				ALWAYS_SEARCH_USER_PATHS = NO;
				CLANG_ANALYZER_NONNULL = YES;
				CLANG_ANALYZER_NUMBER_OBJECT_CONVERSION = YES_AGGRESSIVE;
				CLANG_CXX_LANGUAGE_STANDARD = "gnu++20";
				CLANG_ENABLE_MODULES = YES;
				CLANG_ENABLE_OBJC_ARC = YES;
				CLANG_ENABLE_OBJC_WEAK = YES;
				CLANG_WARN_BLOCK_CAPTURE_AUTORELEASING = YES;
				CLANG_WARN_BOOL_CONVERSION = YES;
				CLANG_WARN_COMMA = YES;
				CLANG_WARN_CONSTANT_CONVERSION = YES;
				CLANG_WARN_DEPRECATED_OBJC_IMPLEMENTATIONS = YES;
				CLANG_WARN_DIRECT_OBJC_ISA_USAGE = YES_ERROR;
				CLANG_WARN_DOCUMENTATION_COMMENTS = YES;
				CLANG_WARN_EMPTY_BODY = YES;
				CLANG_WARN_ENUM_CONVERSION = YES;
				CLANG_WARN_INFINITE_RECURSION = YES;
				CLANG_WARN_INT_CONVERSION = YES;
				CLANG_WARN_NON_LITERAL_NULL_CONVERSION = YES;
				CLANG_WARN_OBJC_IMPLICIT_RETAIN_SELF = YES;
				CLANG_WARN_OBJC_LITERAL_CONVERSION = YES;
				CLANG_WARN_OBJC_ROOT_CLASS = YES_ERROR;
				CLANG_WARN_QUOTED_INCLUDE_IN_FRAMEWORK_HEADER = YES;
				CLANG_WARN_RANGE_LOOP_ANALYSIS = YES;
				CLANG_WARN_STRICT_PROTOTYPES = YES;
				CLANG_WARN_SUSPICIOUS_MOVE = YES;
				CLANG_WARN_UNGUARDED_AVAILABILITY = YES_AGGRESSIVE;
				CLANG_WARN_UNREACHABLE_CODE = YES;
				CLANG_WARN__DUPLICATE_METHOD_MATCH = YES;
				COPY_PHASE_STRIP = NO;
				DEBUG_INFORMATION_FORMAT = "dwarf-with-dsym";
				ENABLE_NS_ASSERTIONS = NO;
				ENABLE_STRICT_OBJC_MSGSEND = YES;
				GCC_C_LANGUAGE_STANDARD = gnu11;
				GCC_NO_COMMON_BLOCKS = YES;
				GCC_WARN_64_TO_32_BIT_CONVERSION = YES;
				GCC_WARN_ABOUT_RETURN_TYPE = YES_ERROR;
				GCC_WARN_UNDECLARED_SELECTOR = YES;
				GCC_WARN_UNINITIALIZED_AUTOS = YES_AGGRESSIVE;
				GCC_WARN_UNUSED_FUNCTION = YES;
				GCC_WARN_UNUSED_VARIABLE = YES;
				IPHONEOS_DEPLOYMENT_TARGET = 16.2;
				MTL_ENABLE_DEBUG_INFO = NO;
				MTL_FAST_MATH = YES;
				SDKROOT = iphoneos;
				SWIFT_COMPILATION_MODE = wholemodule;
				SWIFT_OPTIMIZATION_LEVEL = "-O";
				VALIDATE_PRODUCT = YES;
			};
			name = Release;
		};
		3679A5D82B1257F00026DA38 /* Debug */ = {
			isa = XCBuildConfiguration;
			buildSettings = {
				ASSETCATALOG_COMPILER_APPICON_NAME = AppIcon;
				ASSETCATALOG_COMPILER_GLOBAL_ACCENT_COLOR_NAME = AccentColor;
				CODE_SIGN_STYLE = Automatic;
				CURRENT_PROJECT_VERSION = 1;
				DEVELOPMENT_TEAM = SAKJW8ZWR6;
				GENERATE_INFOPLIST_FILE = YES;
				INFOPLIST_FILE = AllInOneiOSProject/Info.plist;
				INFOPLIST_KEY_UIApplicationSupportsIndirectInputEvents = YES;
				INFOPLIST_KEY_UILaunchStoryboardName = LaunchScreen;
				INFOPLIST_KEY_UIMainStoryboardFile = Main;
				INFOPLIST_KEY_UISupportedInterfaceOrientations_iPad = "UIInterfaceOrientationPortrait UIInterfaceOrientationPortraitUpsideDown UIInterfaceOrientationLandscapeLeft UIInterfaceOrientationLandscapeRight";
				INFOPLIST_KEY_UISupportedInterfaceOrientations_iPhone = "UIInterfaceOrientationPortrait UIInterfaceOrientationLandscapeLeft UIInterfaceOrientationLandscapeRight";
				LD_RUNPATH_SEARCH_PATHS = (
					"$(inherited)",
					"@executable_path/Frameworks",
				);
				MARKETING_VERSION = 1.0;
				PRODUCT_BUNDLE_IDENTIFIER = public.AllInOneiOSProject;
				PRODUCT_NAME = "$(TARGET_NAME)";
				SWIFT_EMIT_LOC_STRINGS = YES;
				SWIFT_VERSION = 5.0;
				TARGETED_DEVICE_FAMILY = "1,2";
			};
			name = Debug;
		};
		3679A5D92B1257F00026DA38 /* Release */ = {
			isa = XCBuildConfiguration;
			buildSettings = {
				ASSETCATALOG_COMPILER_APPICON_NAME = AppIcon;
				ASSETCATALOG_COMPILER_GLOBAL_ACCENT_COLOR_NAME = AccentColor;
				CODE_SIGN_STYLE = Automatic;
				CURRENT_PROJECT_VERSION = 1;
				DEVELOPMENT_TEAM = SAKJW8ZWR6;
				GENERATE_INFOPLIST_FILE = YES;
				INFOPLIST_FILE = AllInOneiOSProject/Info.plist;
				INFOPLIST_KEY_UIApplicationSupportsIndirectInputEvents = YES;
				INFOPLIST_KEY_UILaunchStoryboardName = LaunchScreen;
				INFOPLIST_KEY_UIMainStoryboardFile = Main;
				INFOPLIST_KEY_UISupportedInterfaceOrientations_iPad = "UIInterfaceOrientationPortrait UIInterfaceOrientationPortraitUpsideDown UIInterfaceOrientationLandscapeLeft UIInterfaceOrientationLandscapeRight";
				INFOPLIST_KEY_UISupportedInterfaceOrientations_iPhone = "UIInterfaceOrientationPortrait UIInterfaceOrientationLandscapeLeft UIInterfaceOrientationLandscapeRight";
				LD_RUNPATH_SEARCH_PATHS = (
					"$(inherited)",
					"@executable_path/Frameworks",
				);
				MARKETING_VERSION = 1.0;
				PRODUCT_BUNDLE_IDENTIFIER = public.AllInOneiOSProject;
				PRODUCT_NAME = "$(TARGET_NAME)";
				SWIFT_EMIT_LOC_STRINGS = YES;
				SWIFT_VERSION = 5.0;
				TARGETED_DEVICE_FAMILY = "1,2";
			};
			name = Release;
		};
/* End XCBuildConfiguration section */

/* Begin XCConfigurationList section */
		3679A5BE2B1257ED0026DA38 /* Build configuration list for PBXProject "AllInOneiOSProject" */ = {
			isa = XCConfigurationList;
			buildConfigurations = (
				3679A5D52B1257F00026DA38 /* Debug */,
				3679A5D62B1257F00026DA38 /* Release */,
			);
			defaultConfigurationIsVisible = 0;
			defaultConfigurationName = Release;
		};
		3679A5D72B1257F00026DA38 /* Build configuration list for PBXNativeTarget "AllInOneiOSProject" */ = {
			isa = XCConfigurationList;
			buildConfigurations = (
				3679A5D82B1257F00026DA38 /* Debug */,
				3679A5D92B1257F00026DA38 /* Release */,
			);
			defaultConfigurationIsVisible = 0;
			defaultConfigurationName = Release;
		};
/* End XCConfigurationList section */
	};
	rootObject = 3679A5BB2B1257ED0026DA38 /* Project object */;
}
